
Microsoft Visual Studio Solution File, Format Version 12.00
# Visual Studio Version 17
VisualStudioVersion = 17.1.32414.318
MinimumVisualStudioVersion = 10.0.40219.1
Project("{9A19103F-16F7-4668-BE54-9A1E7A4F7556}") = "SampleProject", "SampleProject\SampleProject.csproj", "{B0877CCB-BFB4-4B6E-B289-94D968F9E419}"
EndProject
Project("{2150E333-8FDC-42A3-9474-1A3956D46DE8}") = "Test", "Test", "{838213AE-0DDF-41F3-A6AF-FD38ED8584C8}"
EndProject
Project("{2150E333-8FDC-42A3-9474-1A3956D46DE8}") = "Src", "Src", "{BC5BDA15-E94A-4267-92A8-62A3032FB657}"
EndProject
Project("{9A19103F-16F7-4668-BE54-9A1E7A4F7556}") = "Api.Framework", "Api.Framework\Api.Framework.csproj", "{B4D6A73C-159B-4742-897B-D7D07D23F079}"
EndProject
Project("{9A19103F-16F7-4668-BE54-9A1E7A4F7556}") = "Application", "Application\Application.csproj", "{C316CD79-3342-403D-94FD-86EE9420D30E}"
EndProject
Project("{9A19103F-16F7-4668-BE54-9A1E7A4F7556}") = "Common", "Common\Common.csproj", "{9C52816E-DDAC-4983-8383-2A9D002DF97C}"
EndProject
Project("{9A19103F-16F7-4668-BE54-9A1E7A4F7556}") = "Contract", "Contract\Contract.csproj", "{DCEB66EB-3757-4583-AF36-B29654C9EE26}"
EndProject
Project("{9A19103F-16F7-4668-BE54-9A1E7A4F7556}") = "Domain", "Domain\Domain.csproj", "{56CDC01D-5907-4A29-8006-91338173D4CF}"
EndProject
Project("{9A19103F-16F7-4668-BE54-9A1E7A4F7556}") = "Infrastructure", "Infrastructure\Infrastructure.csproj", "{34704557-8958-4ED0-BAA3-3993D5BCC3F0}"
EndProject
Project("{9A19103F-16F7-4668-BE54-9A1E7A4F7556}") = "Service", "Service\Service.csproj", "{90CDD133-C555-4FAE-9C22-0B488FD9D8DA}"
EndProject
Project("{FAE04EC0-301F-11D3-BF4B-00C04F79EFBC}") = "Service.UnitTest", "Test\Service.Test\Service.UnitTest.csproj", "{569A9513-E173-4767-9957-7A8ADB45E9DC}"
EndProject
Project("{FAE04EC0-301F-11D3-BF4B-00C04F79EFBC}") = "Contract.IntegratedTest", "Contract.IntegratedTest\Contract.IntegratedTest.csproj", "{57B99723-69A5-4F43-925D-3BB5E1251F48}"
EndProject
Project("{FAE04EC0-301F-11D3-BF4B-00C04F79EFBC}") = "TestBase", "TestBase\TestBase.csproj", "{105A6DD7-ED87-4D28-87CF-92B8337491BD}"
EndProject
Global
	GlobalSection(SolutionConfigurationPlatforms) = preSolution
		Debug|Any CPU = Debug|Any CPU
		Release|Any CPU = Release|Any CPU
	EndGlobalSection
	GlobalSection(ProjectConfigurationPlatforms) = postSolution
		{B0877CCB-BFB4-4B6E-B289-94D968F9E419}.Debug|Any CPU.ActiveCfg = Debug|Any CPU
		{B0877CCB-BFB4-4B6E-B289-94D968F9E419}.Debug|Any CPU.Build.0 = Debug|Any CPU
		{B0877CCB-BFB4-4B6E-B289-94D968F9E419}.Release|Any CPU.ActiveCfg = Release|Any CPU
		{B0877CCB-BFB4-4B6E-B289-94D968F9E419}.Release|Any CPU.Build.0 = Release|Any CPU
		{B4D6A73C-159B-4742-897B-D7D07D23F079}.Debug|Any CPU.ActiveCfg = Debug|Any CPU
		{B4D6A73C-159B-4742-897B-D7D07D23F079}.Debug|Any CPU.Build.0 = Debug|Any CPU
		{B4D6A73C-159B-4742-897B-D7D07D23F079}.Release|Any CPU.ActiveCfg = Release|Any CPU
		{B4D6A73C-159B-4742-897B-D7D07D23F079}.Release|Any CPU.Build.0 = Release|Any CPU
		{C316CD79-3342-403D-94FD-86EE9420D30E}.Debug|Any CPU.ActiveCfg = Debug|Any CPU
		{C316CD79-3342-403D-94FD-86EE9420D30E}.Debug|Any CPU.Build.0 = Debug|Any CPU
		{C316CD79-3342-403D-94FD-86EE9420D30E}.Release|Any CPU.ActiveCfg = Release|Any CPU
		{C316CD79-3342-403D-94FD-86EE9420D30E}.Release|Any CPU.Build.0 = Release|Any CPU
		{9C52816E-DDAC-4983-8383-2A9D002DF97C}.Debug|Any CPU.ActiveCfg = Debug|Any CPU
		{9C52816E-DDAC-4983-8383-2A9D002DF97C}.Debug|Any CPU.Build.0 = Debug|Any CPU
		{9C52816E-DDAC-4983-8383-2A9D002DF97C}.Release|Any CPU.ActiveCfg = Release|Any CPU
		{9C52816E-DDAC-4983-8383-2A9D002DF97C}.Release|Any CPU.Build.0 = Release|Any CPU
		{DCEB66EB-3757-4583-AF36-B29654C9EE26}.Debug|Any CPU.ActiveCfg = Debug|Any CPU
		{DCEB66EB-3757-4583-AF36-B29654C9EE26}.Debug|Any CPU.Build.0 = Debug|Any CPU
		{DCEB66EB-3757-4583-AF36-B29654C9EE26}.Release|Any CPU.ActiveCfg = Release|Any CPU
		{DCEB66EB-3757-4583-AF36-B29654C9EE26}.Release|Any CPU.Build.0 = Release|Any CPU
		{56CDC01D-5907-4A29-8006-91338173D4CF}.Debug|Any CPU.ActiveCfg = Debug|Any CPU
		{56CDC01D-5907-4A29-8006-91338173D4CF}.Debug|Any CPU.Build.0 = Debug|Any CPU
		{56CDC01D-5907-4A29-8006-91338173D4CF}.Release|Any CPU.ActiveCfg = Release|Any CPU
		{56CDC01D-5907-4A29-8006-91338173D4CF}.Release|Any CPU.Build.0 = Release|Any CPU
		{34704557-8958-4ED0-BAA3-3993D5BCC3F0}.Debug|Any CPU.ActiveCfg = Debug|Any CPU
		{34704557-8958-4ED0-BAA3-3993D5BCC3F0}.Debug|Any CPU.Build.0 = Debug|Any CPU
		{34704557-8958-4ED0-BAA3-3993D5BCC3F0}.Release|Any CPU.ActiveCfg = Release|Any CPU
		{34704557-8958-4ED0-BAA3-3993D5BCC3F0}.Release|Any CPU.Build.0 = Release|Any CPU
		{90CDD133-C555-4FAE-9C22-0B488FD9D8DA}.Debug|Any CPU.ActiveCfg = Debug|Any CPU
		{90CDD133-C555-4FAE-9C22-0B488FD9D8DA}.Debug|Any CPU.Build.0 = Debug|Any CPU
		{90CDD133-C555-4FAE-9C22-0B488FD9D8DA}.Release|Any CPU.ActiveCfg = Release|Any CPU
		{90CDD133-C555-4FAE-9C22-0B488FD9D8DA}.Release|Any CPU.Build.0 = Release|Any CPU
		{569A9513-E173-4767-9957-7A8ADB45E9DC}.Debug|Any CPU.ActiveCfg = Debug|Any CPU
		{569A9513-E173-4767-9957-7A8ADB45E9DC}.Debug|Any CPU.Build.0 = Debug|Any CPU
		{569A9513-E173-4767-9957-7A8ADB45E9DC}.Release|Any CPU.ActiveCfg = Release|Any CPU
		{569A9513-E173-4767-9957-7A8ADB45E9DC}.Release|Any CPU.Build.0 = Release|Any CPU
		{57B99723-69A5-4F43-925D-3BB5E1251F48}.Debug|Any CPU.ActiveCfg = Debug|Any CPU
		{57B99723-69A5-4F43-925D-3BB5E1251F48}.Debug|Any CPU.Build.0 = Debug|Any CPU
		{57B99723-69A5-4F43-925D-3BB5E1251F48}.Release|Any CPU.ActiveCfg = Release|Any CPU
		{57B99723-69A5-4F43-925D-3BB5E1251F48}.Release|Any CPU.Build.0 = Release|Any CPU
		{105A6DD7-ED87-4D28-87CF-92B8337491BD}.Debug|Any CPU.ActiveCfg = Debug|Any CPU
		{105A6DD7-ED87-4D28-87CF-92B8337491BD}.Debug|Any CPU.Build.0 = Debug|Any CPU
		{105A6DD7-ED87-4D28-87CF-92B8337491BD}.Release|Any CPU.ActiveCfg = Release|Any CPU
		{105A6DD7-ED87-4D28-87CF-92B8337491BD}.Release|Any CPU.Build.0 = Release|Any CPU
	EndGlobalSection
	GlobalSection(SolutionProperties) = preSolution
		HideSolutionNode = FALSE
	EndGlobalSection
	GlobalSection(NestedProjects) = preSolution
		{B0877CCB-BFB4-4B6E-B289-94D968F9E419} = {BC5BDA15-E94A-4267-92A8-62A3032FB657}
		{B4D6A73C-159B-4742-897B-D7D07D23F079} = {BC5BDA15-E94A-4267-92A8-62A3032FB657}
		{C316CD79-3342-403D-94FD-86EE9420D30E} = {BC5BDA15-E94A-4267-92A8-62A3032FB657}
		{9C52816E-DDAC-4983-8383-2A9D002DF97C} = {BC5BDA15-E94A-4267-92A8-62A3032FB657}
		{DCEB66EB-3757-4583-AF36-B29654C9EE26} = {BC5BDA15-E94A-4267-92A8-62A3032FB657}
		{56CDC01D-5907-4A29-8006-91338173D4CF} = {BC5BDA15-E94A-4267-92A8-62A3032FB657}
		{34704557-8958-4ED0-BAA3-3993D5BCC3F0} = {BC5BDA15-E94A-4267-92A8-62A3032FB657}
		{90CDD133-C555-4FAE-9C22-0B488FD9D8DA} = {BC5BDA15-E94A-4267-92A8-62A3032FB657}
		{569A9513-E173-4767-9957-7A8ADB45E9DC} = {838213AE-0DDF-41F3-A6AF-FD38ED8584C8}
		{57B99723-69A5-4F43-925D-3BB5E1251F48} = {838213AE-0DDF-41F3-A6AF-FD38ED8584C8}
		{105A6DD7-ED87-4D28-87CF-92B8337491BD} = {838213AE-0DDF-41F3-A6AF-FD38ED8584C8}
	EndGlobalSection
	GlobalSection(ExtensibilityGlobals) = postSolution
		SolutionGuid = {370E2D72-7D71-4E54-9967-7C4A89CF67E2}
	EndGlobalSection
EndGlobal
